
Microsoft Visual Studio Solution File, Format Version 12.00
# Visual Studio 15
VisualStudioVersion = 15.0.27130.2020
MinimumVisualStudioVersion = 10.0.40219.1
Project("{FAE04EC0-301F-11D3-BF4B-00C04F79EFBC}") = "HelloApp", "HelloApp\HelloApp.csproj", "{8AA23BDF-E77B-4E79-BBAC-62B93C55269B}"
EndProject
Global
	GlobalSection(SolutionConfigurationPlatforms) = preSolution
		Debug|Any CPU = Debug|Any CPU
		Release|Any CPU = Release|Any CPU
	EndGlobalSection
	GlobalSection(ProjectConfigurationPlatforms) = postSolution
		{8AA23BDF-E77B-4E79-BBAC-62B93C55269B}.Debug|Any CPU.ActiveCfg = Debug|Any CPU
		{8AA23BDF-E77B-4E79-BBAC-62B93C55269B}.Debug|Any CPU.Build.0 = Debug|Any CPU
		{8AA23BDF-E77B-4E79-BBAC-62B93C55269B}.Release|Any CPU.ActiveCfg = Release|Any CPU
		{8AA23BDF-E77B-4E79-BBAC-62B93C55269B}.Release|Any CPU.Build.0 = Release|Any CPU
	EndGlobalSection
	GlobalSection(SolutionProperties) = preSolution
		HideSolutionNode = FALSE
	EndGlobalSection
	GlobalSection(ExtensibilityGlobals) = postSolution
		SolutionGuid = {54D96FE6-1AA8-44B6-B9AB-9566CFFB7606}
	EndGlobalSection
EndGlobal
